# This file is automatically @generated by Cargo.
# It is not intended for manual editing.
[[package]]
name = "adler32"
version = "1.0.4"
source = "registry+https://github.com/rust-lang/crates.io-index"
checksum = "5d2e7343e7fc9de883d1b0341e0b13970f764c14101234857d2ddafa1cb1cac2"

[[package]]
name = "aho-corasick"
version = "0.7.10"
source = "registry+https://github.com/rust-lang/crates.io-index"
checksum = "8716408b8bc624ed7f65d223ddb9ac2d044c0547b6fa4b0d554f3a9540496ada"
dependencies = [
 "memchr",
]

[[package]]
name = "arrayvec"
version = "0.5.1"
source = "registry+https://github.com/rust-lang/crates.io-index"
checksum = "cff77d8686867eceff3105329d4698d96c2391c176d5d03adc90c7389162b5b8"

[[package]]
name = "atty"
version = "0.2.14"
source = "registry+https://github.com/rust-lang/crates.io-index"
checksum = "d9b39be18770d11421cdb1b9947a45dd3f37e93092cbf377614828a319d5fee8"
dependencies = [
 "hermit-abi",
 "libc",
 "winapi",
]

[[package]]
name = "autocfg"
version = "1.0.0"
source = "registry+https://github.com/rust-lang/crates.io-index"
checksum = "f8aac770f1885fd7e387acedd76065302551364496e46b3dd00860b2f8359b9d"

[[package]]
name = "base64"
version = "0.12.0"
source = "registry+https://github.com/rust-lang/crates.io-index"
checksum = "7d5ca2cd0adc3f48f9e9ea5a6bbdf9ccc0bfade884847e484d452414c7ccffb3"

[[package]]
name = "bit-set"
version = "0.5.1"
source = "registry+https://github.com/rust-lang/crates.io-index"
checksum = "e84c238982c4b1e1ee668d136c510c67a13465279c0cb367ea6baf6310620a80"
dependencies = [
 "bit-vec",
]

[[package]]
name = "bit-vec"
version = "0.5.1"
source = "registry+https://github.com/rust-lang/crates.io-index"
checksum = "f59bbe95d4e52a6398ec21238d31577f2b28a9d86807f06ca59d191d8440d0bb"

[[package]]
name = "bitfield"
version = "0.13.2"
source = "registry+https://github.com/rust-lang/crates.io-index"
checksum = "46afbd2983a5d5a7bd740ccb198caf5b82f45c40c09c0eed36052d91cb92e719"

[[package]]
name = "bitflags"
version = "1.2.1"
source = "registry+https://github.com/rust-lang/crates.io-index"
checksum = "cf1de2fe8c75bc145a2f577add951f8134889b4795d47466a54a5c846d691693"

[[package]]
name = "byteorder"
version = "1.3.4"
source = "registry+https://github.com/rust-lang/crates.io-index"
checksum = "08c48aae112d48ed9f069b33538ea9e3e90aa263cfa3d1c24309612b1f7472de"

[[package]]
name = "cc"
version = "1.0.50"
source = "registry+https://github.com/rust-lang/crates.io-index"
checksum = "95e28fa049fda1c330bcf9d723be7663a899c4679724b34c81e9f5a326aab8cd"

[[package]]
name = "cfg-if"
version = "0.1.10"
source = "registry+https://github.com/rust-lang/crates.io-index"
checksum = "4785bdd1c96b2a846b2bd7cc02e86b6b3dbf14e7e53446c4f54c92a361040822"

[[package]]
name = "crc32fast"
version = "1.2.0"
source = "registry+https://github.com/rust-lang/crates.io-index"
checksum = "ba125de2af0df55319f41944744ad91c71113bf74a4646efff39afe1f6842db1"
dependencies = [
 "cfg-if",
]

[[package]]
name = "derivative"
version = "2.1.1"
source = "registry+https://github.com/rust-lang/crates.io-index"
checksum = "cb582b60359da160a9477ee80f15c8d784c477e69c217ef2cdd4169c24ea380f"
dependencies = [
 "proc-macro2",
 "quote 1.0.3",
 "syn 1.0.17",
]

[[package]]
name = "dtoa"
version = "0.4.5"
source = "registry+https://github.com/rust-lang/crates.io-index"
checksum = "4358a9e11b9a09cf52383b451b49a169e8d797b68aa02301ff586d70d9661ea3"

[[package]]
name = "enum-primitive-derive"
version = "0.1.2"
source = "registry+https://github.com/rust-lang/crates.io-index"
checksum = "e2b90e520ec62c1864c8c78d637acbfe8baf5f63240f2fb8165b8325c07812dd"
dependencies = [
 "num-traits 0.1.43",
 "quote 0.3.15",
 "syn 0.11.11",
]

[[package]]
name = "env_logger"
version = "0.7.1"
source = "registry+https://github.com/rust-lang/crates.io-index"
checksum = "44533bbbb3bb3c1fa17d9f2e4e38bbbaf8396ba82193c4cb1b6445d711445d36"
dependencies = [
 "atty",
 "humantime",
 "log",
 "regex",
 "termcolor",
]

[[package]]
name = "fallible-iterator"
version = "0.2.0"
source = "registry+https://github.com/rust-lang/crates.io-index"
checksum = "4443176a9f2c162692bd3d352d745ef9413eec5782a80d8fd6f8a1ac692a07f7"

[[package]]
name = "filetime"
version = "0.2.9"
source = "registry+https://github.com/rust-lang/crates.io-index"
checksum = "f59efc38004c988e4201d11d263b8171f49a2e7ec0bdbb71773433f271504a5e"
dependencies = [
 "cfg-if",
 "libc",
 "redox_syscall",
 "winapi",
]

[[package]]
name = "flate2"
version = "1.0.14"
source = "registry+https://github.com/rust-lang/crates.io-index"
checksum = "2cfff41391129e0a856d6d822600b8d71179d46879e310417eb9c762eb178b42"
dependencies = [
 "cfg-if",
 "crc32fast",
 "libc",
 "miniz_oxide",
]

[[package]]
name = "gimli"
version = "0.20.0"
source = "registry+https://github.com/rust-lang/crates.io-index"
checksum = "81dd6190aad0f05ddbbf3245c54ed14ca4aa6dd32f22312b70d8f168c3e3e633"
dependencies = [
 "arrayvec",
 "byteorder",
 "fallible-iterator",
 "indexmap",
 "smallvec",
 "stable_deref_trait",
]

[[package]]
name = "goblin"
version = "0.2.1"
source = "registry+https://github.com/rust-lang/crates.io-index"
checksum = "ddd5e3132801a1ac34ac53b97acde50c4685414dd2f291b9ea52afa6f07468c8"
dependencies = [
 "log",
 "plain",
 "scroll",
]

[[package]]
name = "hermit-abi"
version = "0.1.11"
source = "registry+https://github.com/rust-lang/crates.io-index"
checksum = "8a0d737e0f947a1864e93d33fdef4af8445a00d1ed8dc0c8ddb73139ea6abf15"
dependencies = [
 "libc",
]

[[package]]
name = "hidapi"
version = "1.2.1"
source = "registry+https://github.com/rust-lang/crates.io-index"
checksum = "e347988010cd7d98689c553ab3d32f53e62cabb0d876aed16d41a8f9c1760e54"
dependencies = [
 "cc",
 "libc",
 "pkg-config",
]

[[package]]
name = "humantime"
version = "1.3.0"
source = "registry+https://github.com/rust-lang/crates.io-index"
checksum = "df004cfca50ef23c36850aaaa59ad52cc70d0e90243c3c7737a4dd32dc7a3c4f"
dependencies = [
 "quick-error",
]

[[package]]
name = "humility"
version = "0.1.0"
dependencies = [
 "bitfield",
 "env_logger",
 "fallible-iterator",
 "gimli",
 "log",
 "probe-rs",
]

[[package]]
name = "ihex"
version = "1.1.2"
source = "registry+https://github.com/rust-lang/crates.io-index"
checksum = "9394ec1fbc3afbdfb357ba267a7fffdc39f6e3d8ba88c0af6d9476e6d3c889d5"

[[package]]
name = "indexmap"
version = "1.3.2"
source = "registry+https://github.com/rust-lang/crates.io-index"
checksum = "076f042c5b7b98f31d205f1249267e12a6518c1481e9dae9764af19b707d2292"
dependencies = [
 "autocfg",
]

[[package]]
name = "jaylink"
version = "0.1.1"
source = "registry+https://github.com/rust-lang/crates.io-index"
checksum = "f7303af61073160fc72f7f56ae5bf39234ea85387441101229224a8d64b2057b"
dependencies = [
 "bitflags",
 "byteorder",
 "log",
 "rusb",
]

[[package]]
name = "jep106"
version = "0.2.4"
source = "registry+https://github.com/rust-lang/crates.io-index"
checksum = "f57cd08ee4fbc8043949150a59e34ea5f2afeb172f875db9607689e48600c653"
dependencies = [
 "serde",
]

[[package]]
name = "lazy_static"
version = "1.4.0"
source = "registry+https://github.com/rust-lang/crates.io-index"
checksum = "e2abad23fbc42b3700f2f279844dc832adb2b2eb069b2df918f455c4e18cc646"

[[package]]
name = "libc"
version = "0.2.69"
source = "registry+https://github.com/rust-lang/crates.io-index"
checksum = "99e85c08494b21a9054e7fe1374a732aeadaff3980b6990b94bfd3a70f690005"

[[package]]
name = "libflate"
version = "0.1.27"
source = "registry+https://github.com/rust-lang/crates.io-index"
checksum = "d9135df43b1f5d0e333385cb6e7897ecd1a43d7d11b91ac003f4d2c2d2401fdd"
dependencies = [
 "adler32",
 "crc32fast",
 "rle-decode-fast",
 "take_mut",
]

[[package]]
name = "libusb1-sys"
version = "0.3.6"
source = "registry+https://github.com/rust-lang/crates.io-index"
checksum = "e0318f131edc8211a9a3e40133be6fc93f0b686e14f59c6115eab4e7bd794b34"
dependencies = [
 "cc",
 "libc",
 "libflate",
 "pkg-config",
 "tar",
 "vcpkg",
]

[[package]]
name = "linked-hash-map"
version = "0.5.2"
source = "registry+https://github.com/rust-lang/crates.io-index"
checksum = "ae91b68aebc4ddb91978b11a1b02ddd8602a05ec19002801c5666000e05e0f83"

[[package]]
name = "log"
version = "0.4.8"
source = "registry+https://github.com/rust-lang/crates.io-index"
checksum = "14b6052be84e6b71ab17edffc2eeabf5c2c3ae1fdb464aae35ac50c67a44e1f7"
dependencies = [
 "cfg-if",
]

[[package]]
name = "memchr"
version = "2.3.3"
source = "registry+https://github.com/rust-lang/crates.io-index"
checksum = "3728d817d99e5ac407411fa471ff9800a778d88a24685968b36824eaf4bee400"

[[package]]
name = "miniz_oxide"
version = "0.3.6"
source = "registry+https://github.com/rust-lang/crates.io-index"
checksum = "aa679ff6578b1cddee93d7e82e263b94a575e0bfced07284eb0c037c1d2416a5"
dependencies = [
 "adler32",
]

[[package]]
name = "num-traits"
version = "0.1.43"
source = "registry+https://github.com/rust-lang/crates.io-index"
checksum = "92e5113e9fd4cc14ded8e499429f396a20f98c772a47cc8622a736e1ec843c31"
dependencies = [
 "num-traits 0.2.11",
]

[[package]]
name = "num-traits"
version = "0.2.11"
source = "registry+https://github.com/rust-lang/crates.io-index"
checksum = "c62be47e61d1842b9170f0fdeec8eba98e60e90e5446449a0545e5152acd7096"
dependencies = [
 "autocfg",
]

[[package]]
name = "object"
version = "0.18.0"
source = "registry+https://github.com/rust-lang/crates.io-index"
checksum = "e5666bbb90bc4d1e5bdcb26c0afda1822d25928341e9384ab187a9b37ab69e36"
dependencies = [
 "flate2",
 "target-lexicon",
 "wasmparser",
]

[[package]]
name = "pkg-config"
version = "0.3.17"
source = "registry+https://github.com/rust-lang/crates.io-index"
checksum = "05da548ad6865900e60eaba7f589cc0783590a92e940c26953ff81ddbab2d677"

[[package]]
name = "plain"
version = "0.2.3"
source = "registry+https://github.com/rust-lang/crates.io-index"
checksum = "b4596b6d070b27117e987119b4dac604f3c58cfb0b191112e24771b2faeac1a6"

[[package]]
name = "probe-rs"
version = "0.6.1"
source = "registry+https://github.com/rust-lang/crates.io-index"
checksum = "b6423e5e857f28693f61eafd58460d465bd8083cbc186178262ac9a7818018a8"
dependencies = [
 "base64",
 "bitfield",
 "derivative",
 "enum-primitive-derive",
 "gimli",
 "goblin",
 "hidapi",
 "ihex",
 "jaylink",
 "jep106",
 "lazy_static",
 "log",
 "num-traits 0.2.11",
 "object",
 "probe-rs-t2rust",
 "rusb",
 "scroll",
 "serde",
 "serde_yaml",
 "svg",
 "thiserror",
]

[[package]]
name = "probe-rs-t2rust"
version = "0.6.0"
source = "registry+https://github.com/rust-lang/crates.io-index"
checksum = "6e0e2d177a33e8c8a46d98767fb01877f1c466826b9c25f88749f35140d0aae0"
dependencies = [
 "base64",
 "proc-macro2",
 "quote 1.0.3",
 "scroll",
 "serde_yaml",
]

[[package]]
name = "proc-macro2"
version = "1.0.10"
source = "registry+https://github.com/rust-lang/crates.io-index"
checksum = "df246d292ff63439fea9bc8c0a270bed0e390d5ebd4db4ba15aba81111b5abe3"
dependencies = [
 "unicode-xid 0.2.0",
]

[[package]]
name = "quick-error"
version = "1.2.3"
source = "registry+https://github.com/rust-lang/crates.io-index"
checksum = "a1d01941d82fa2ab50be1e79e6714289dd7cde78eba4c074bc5a4374f650dfe0"

[[package]]
name = "quote"
version = "0.3.15"
source = "registry+https://github.com/rust-lang/crates.io-index"
checksum = "7a6e920b65c65f10b2ae65c831a81a073a89edd28c7cce89475bff467ab4167a"

[[package]]
name = "quote"
version = "1.0.3"
source = "registry+https://github.com/rust-lang/crates.io-index"
checksum = "2bdc6c187c65bca4260c9011c9e3132efe4909da44726bad24cf7572ae338d7f"
dependencies = [
 "proc-macro2",
]

[[package]]
name = "redox_syscall"
version = "0.1.56"
source = "registry+https://github.com/rust-lang/crates.io-index"
checksum = "2439c63f3f6139d1b57529d16bc3b8bb855230c8efcc5d3a896c8bea7c3b1e84"

[[package]]
name = "regex"
version = "1.3.7"
source = "registry+https://github.com/rust-lang/crates.io-index"
checksum = "a6020f034922e3194c711b82a627453881bc4682166cabb07134a10c26ba7692"
dependencies = [
 "aho-corasick",
 "memchr",
 "regex-syntax",
 "thread_local",
]

[[package]]
name = "regex-syntax"
version = "0.6.17"
source = "registry+https://github.com/rust-lang/crates.io-index"
checksum = "7fe5bd57d1d7414c6b5ed48563a2c855d995ff777729dcd91c369ec7fea395ae"

[[package]]
name = "rle-decode-fast"
version = "1.0.1"
source = "registry+https://github.com/rust-lang/crates.io-index"
checksum = "cabe4fa914dec5870285fa7f71f602645da47c486e68486d2b4ceb4a343e90ac"

[[package]]
name = "rusb"
version = "0.5.5"
source = "registry+https://github.com/rust-lang/crates.io-index"
checksum = "d10caa3e5fc7ad1879a679bf16d3304ea10614b8f2f1a1386be4ec942d44062a"
dependencies = [
 "bit-set",
 "libc",
 "libusb1-sys",
]

[[package]]
name = "scroll"
version = "0.10.1"
source = "registry+https://github.com/rust-lang/crates.io-index"
checksum = "abb2332cb595d33f7edd5700f4cbf94892e680c7f0ae56adab58a35190b66cb1"
dependencies = [
 "scroll_derive",
]

[[package]]
name = "scroll_derive"
version = "0.10.1"
source = "registry+https://github.com/rust-lang/crates.io-index"
checksum = "f8584eea9b9ff42825b46faf46a8c24d2cff13ec152fa2a50df788b87c07ee28"
dependencies = [
 "proc-macro2",
 "quote 1.0.3",
 "syn 1.0.17",
]

[[package]]
name = "serde"
version = "1.0.106"
source = "registry+https://github.com/rust-lang/crates.io-index"
checksum = "36df6ac6412072f67cf767ebbde4133a5b2e88e76dc6187fa7104cd16f783399"
dependencies = [
 "serde_derive",
]

[[package]]
name = "serde_derive"
version = "1.0.106"
source = "registry+https://github.com/rust-lang/crates.io-index"
checksum = "9e549e3abf4fb8621bd1609f11dfc9f5e50320802273b12f3811a67e6716ea6c"
dependencies = [
 "proc-macro2",
 "quote 1.0.3",
 "syn 1.0.17",
]

[[package]]
name = "serde_yaml"
version = "0.8.11"
source = "registry+https://github.com/rust-lang/crates.io-index"
checksum = "691b17f19fc1ec9d94ec0b5864859290dff279dbd7b03f017afda54eb36c3c35"
dependencies = [
 "dtoa",
 "linked-hash-map",
 "serde",
 "yaml-rust",
]

[[package]]
name = "smallvec"
version = "1.3.0"
source = "registry+https://github.com/rust-lang/crates.io-index"
checksum = "05720e22615919e4734f6a99ceae50d00226c3c5aca406e102ebc33298214e0a"

[[package]]
name = "stable_deref_trait"
version = "1.1.1"
source = "registry+https://github.com/rust-lang/crates.io-index"
checksum = "dba1a27d3efae4351c8051072d619e3ade2820635c3958d826bfea39d59b54c8"

[[package]]
name = "svg"
version = "0.7.2"
source = "registry+https://github.com/rust-lang/crates.io-index"
checksum = "3685c82a045a6af0c488f0550b0f52b4c77d2a52b0ca8aba719f9d268fa96965"

[[package]]
name = "syn"
version = "0.11.11"
source = "registry+https://github.com/rust-lang/crates.io-index"
checksum = "d3b891b9015c88c576343b9b3e41c2c11a51c219ef067b264bd9c8aa9b441dad"
dependencies = [
 "quote 0.3.15",
 "synom",
 "unicode-xid 0.0.4",
]

[[package]]
name = "syn"
version = "1.0.17"
source = "registry+https://github.com/rust-lang/crates.io-index"
checksum = "0df0eb663f387145cab623dea85b09c2c5b4b0aef44e945d928e682fce71bb03"
dependencies = [
 "proc-macro2",
 "quote 1.0.3",
 "unicode-xid 0.2.0",
]

[[package]]
name = "synom"
version = "0.11.3"
source = "registry+https://github.com/rust-lang/crates.io-index"
checksum = "a393066ed9010ebaed60b9eafa373d4b1baac186dd7e008555b0f702b51945b6"
dependencies = [
 "unicode-xid 0.0.4",
]

[[package]]
name = "take_mut"
version = "0.2.2"
source = "registry+https://github.com/rust-lang/crates.io-index"
checksum = "f764005d11ee5f36500a149ace24e00e3da98b0158b3e2d53a7495660d3f4d60"

[[package]]
name = "tar"
version = "0.4.26"
source = "registry+https://github.com/rust-lang/crates.io-index"
checksum = "b3196bfbffbba3e57481b6ea32249fbaf590396a52505a2615adbb79d9d826d3"
dependencies = [
 "filetime",
 "libc",
 "redox_syscall",
 "xattr",
]

[[package]]
name = "target-lexicon"
version = "0.10.0"
source = "registry+https://github.com/rust-lang/crates.io-index"
checksum = "ab0e7238dcc7b40a7be719a25365910f6807bd864f4cce6b2e6b873658e2b19d"

[[package]]
name = "termcolor"
version = "1.1.0"
source = "registry+https://github.com/rust-lang/crates.io-index"
checksum = "bb6bfa289a4d7c5766392812c0a1f4c1ba45afa1ad47803c11e1f407d846d75f"
dependencies = [
 "winapi-util",
]

[[package]]
name = "thiserror"
version = "1.0.15"
source = "registry+https://github.com/rust-lang/crates.io-index"
checksum = "54b3d3d2ff68104100ab257bb6bb0cb26c901abe4bd4ba15961f3bf867924012"
dependencies = [
 "thiserror-impl",
]

[[package]]
name = "thiserror-impl"
version = "1.0.15"
source = "registry+https://github.com/rust-lang/crates.io-index"
checksum = "ca972988113b7715266f91250ddb98070d033c62a011fa0fcc57434a649310dd"
dependencies = [
 "proc-macro2",
 "quote 1.0.3",
 "syn 1.0.17",
]

[[package]]
name = "thread_local"
version = "1.0.1"
source = "registry+https://github.com/rust-lang/crates.io-index"
checksum = "d40c6d1b69745a6ec6fb1ca717914848da4b44ae29d9b3080cbee91d72a69b14"
dependencies = [
 "lazy_static",
]

[[package]]
name = "unicode-xid"
version = "0.0.4"
source = "registry+https://github.com/rust-lang/crates.io-index"
checksum = "8c1f860d7d29cf02cb2f3f359fd35991af3d30bac52c57d265a3c461074cb4dc"

[[package]]
name = "unicode-xid"
version = "0.2.0"
source = "registry+https://github.com/rust-lang/crates.io-index"
checksum = "826e7639553986605ec5979c7dd957c7895e93eabed50ab2ffa7f6128a75097c"

[[package]]
name = "vcpkg"
version = "0.2.8"
source = "registry+https://github.com/rust-lang/crates.io-index"
checksum = "3fc439f2794e98976c88a2a2dafce96b930fe8010b0a256b3c2199a773933168"

[[package]]
name = "wasmparser"
version = "0.51.4"
source = "registry+https://github.com/rust-lang/crates.io-index"
checksum = "aeb1956b19469d1c5e63e459d29e7b5aa0f558d9f16fcef09736f8a265e6c10a"

[[package]]
name = "winapi"
version = "0.3.8"
source = "registry+https://github.com/rust-lang/crates.io-index"
checksum = "8093091eeb260906a183e6ae1abdba2ef5ef2257a21801128899c3fc699229c6"
dependencies = [
 "winapi-i686-pc-windows-gnu",
 "winapi-x86_64-pc-windows-gnu",
]

[[package]]
name = "winapi-i686-pc-windows-gnu"
version = "0.4.0"
source = "registry+https://github.com/rust-lang/crates.io-index"
checksum = "ac3b87c63620426dd9b991e5ce0329eff545bccbbb34f3be09ff6fb6ab51b7b6"

[[package]]
name = "winapi-util"
version = "0.1.4"
source = "registry+https://github.com/rust-lang/crates.io-index"
checksum = "fa515c5163a99cc82bab70fd3bfdd36d827be85de63737b40fcef2ce084a436e"
dependencies = [
 "winapi",
]

[[package]]
name = "winapi-x86_64-pc-windows-gnu"
version = "0.4.0"
source = "registry+https://github.com/rust-lang/crates.io-index"
checksum = "712e227841d057c1ee1cd2fb22fa7e5a5461ae8e48fa2ca79ec42cfc1931183f"

[[package]]
name = "xattr"
version = "0.2.2"
source = "registry+https://github.com/rust-lang/crates.io-index"
checksum = "244c3741f4240ef46274860397c7c74e50eb23624996930e484c16679633a54c"
dependencies = [
 "libc",
]

[[package]]
name = "yaml-rust"
version = "0.4.3"
source = "registry+https://github.com/rust-lang/crates.io-index"
checksum = "65923dd1784f44da1d2c3dbbc5e822045628c590ba72123e1c73d3c230c4434d"
dependencies = [
 "linked-hash-map",
]
